// !$*UTF8*$!
{
	archiveVersion = 1;
	classes = {
	};
	objectVersion = 55;
	objects = {

/* Begin PBXBuildFile section */
		A0187947279483ED0084488E /* Extensions-UITableView.swift in Sources */ = {isa = PBXBuildFile; fileRef = A0187946279483ED0084488E /* Extensions-UITableView.swift */; };
		A0187948279485CA0084488E /* Extensions-UITableView.swift in Sources */ = {isa = PBXBuildFile; fileRef = A0187946279483ED0084488E /* Extensions-UITableView.swift */; };
		A0187949279485EB0084488E /* Extensions-UITableView.swift in Sources */ = {isa = PBXBuildFile; fileRef = A0187946279483ED0084488E /* Extensions-UITableView.swift */; };
		A03E8AC8278EE450008E34C2 /* AppDelegate.swift in Sources */ = {isa = PBXBuildFile; fileRef = A03E8AC7278EE450008E34C2 /* AppDelegate.swift */; };
		A03E8ACA278EE450008E34C2 /* SceneDelegate.swift in Sources */ = {isa = PBXBuildFile; fileRef = A03E8AC9278EE450008E34C2 /* SceneDelegate.swift */; };
		A03E8ACC278EE450008E34C2 /* ReposViewController.swift in Sources */ = {isa = PBXBuildFile; fileRef = A03E8ACB278EE450008E34C2 /* ReposViewController.swift */; };
		A03E8AD1278EE452008E34C2 /* Assets.xcassets in Resources */ = {isa = PBXBuildFile; fileRef = A03E8AD0278EE452008E34C2 /* Assets.xcassets */; };
		A03E8AD4278EE452008E34C2 /* LaunchScreen.storyboard in Resources */ = {isa = PBXBuildFile; fileRef = A03E8AD2278EE452008E34C2 /* LaunchScreen.storyboard */; };
		A03E8ADF278EE452008E34C2 /* RepoCellViewModelTests.swift in Sources */ = {isa = PBXBuildFile; fileRef = A03E8ADE278EE452008E34C2 /* RepoCellViewModelTests.swift */; };
		A03E8AE9278EE452008E34C2 /* GH_ReposUITests.swift in Sources */ = {isa = PBXBuildFile; fileRef = A03E8AE8278EE452008E34C2 /* GH_ReposUITests.swift */; };
		A03E8AEB278EE452008E34C2 /* GH_ReposUITestsLaunchTests.swift in Sources */ = {isa = PBXBuildFile; fileRef = A03E8AEA278EE452008E34C2 /* GH_ReposUITestsLaunchTests.swift */; };
		A03E8AF8278EE5F3008E34C2 /* NetworkService.swift in Sources */ = {isa = PBXBuildFile; fileRef = A03E8AF7278EE5F3008E34C2 /* NetworkService.swift */; };
		A03E8AF9278EE5F3008E34C2 /* NetworkService.swift in Sources */ = {isa = PBXBuildFile; fileRef = A03E8AF7278EE5F3008E34C2 /* NetworkService.swift */; };
		A03E8AFA278EE5F3008E34C2 /* NetworkService.swift in Sources */ = {isa = PBXBuildFile; fileRef = A03E8AF7278EE5F3008E34C2 /* NetworkService.swift */; };
		A03E8AFE278EE6E9008E34C2 /* ReposError.swift in Sources */ = {isa = PBXBuildFile; fileRef = A03E8AFD278EE6E9008E34C2 /* ReposError.swift */; };
		A03E8AFF278EE6E9008E34C2 /* ReposError.swift in Sources */ = {isa = PBXBuildFile; fileRef = A03E8AFD278EE6E9008E34C2 /* ReposError.swift */; };
		A03E8B00278EE6E9008E34C2 /* ReposError.swift in Sources */ = {isa = PBXBuildFile; fileRef = A03E8AFD278EE6E9008E34C2 /* ReposError.swift */; };
		A03E8B02278EEA8D008E34C2 /* NetworkObjectsFetcher.swift in Sources */ = {isa = PBXBuildFile; fileRef = A03E8B01278EEA8D008E34C2 /* NetworkObjectsFetcher.swift */; };
		A03E8B03278EEA8D008E34C2 /* NetworkObjectsFetcher.swift in Sources */ = {isa = PBXBuildFile; fileRef = A03E8B01278EEA8D008E34C2 /* NetworkObjectsFetcher.swift */; };
		A03E8B04278EEA8D008E34C2 /* NetworkObjectsFetcher.swift in Sources */ = {isa = PBXBuildFile; fileRef = A03E8B01278EEA8D008E34C2 /* NetworkObjectsFetcher.swift */; };
		A03E8B06278EEE2D008E34C2 /* DataFetcherService.swift in Sources */ = {isa = PBXBuildFile; fileRef = A03E8B05278EEE2D008E34C2 /* DataFetcherService.swift */; };
		A03E8B07278EEE2D008E34C2 /* DataFetcherService.swift in Sources */ = {isa = PBXBuildFile; fileRef = A03E8B05278EEE2D008E34C2 /* DataFetcherService.swift */; };
		A03E8B08278EEE2D008E34C2 /* DataFetcherService.swift in Sources */ = {isa = PBXBuildFile; fileRef = A03E8B05278EEE2D008E34C2 /* DataFetcherService.swift */; };
		A03E8B0A278EF0A4008E34C2 /* URLModel.swift in Sources */ = {isa = PBXBuildFile; fileRef = A03E8B09278EF0A4008E34C2 /* URLModel.swift */; };
		A03E8B0B278EF0A4008E34C2 /* URLModel.swift in Sources */ = {isa = PBXBuildFile; fileRef = A03E8B09278EF0A4008E34C2 /* URLModel.swift */; };
		A03E8B0C278EF0A4008E34C2 /* URLModel.swift in Sources */ = {isa = PBXBuildFile; fileRef = A03E8B09278EF0A4008E34C2 /* URLModel.swift */; };
		A03E8B13278EF614008E34C2 /* RepoModel.swift in Sources */ = {isa = PBXBuildFile; fileRef = A03E8B12278EF614008E34C2 /* RepoModel.swift */; };
		A03E8B14278EF614008E34C2 /* RepoModel.swift in Sources */ = {isa = PBXBuildFile; fileRef = A03E8B12278EF614008E34C2 /* RepoModel.swift */; };
		A03E8B15278EF614008E34C2 /* RepoModel.swift in Sources */ = {isa = PBXBuildFile; fileRef = A03E8B12278EF614008E34C2 /* RepoModel.swift */; };
		A07C250C278F098000EDEEEA /* Extensions-UIView.swift in Sources */ = {isa = PBXBuildFile; fileRef = A07C250B278F098000EDEEEA /* Extensions-UIView.swift */; };
		A07C250E278F0A1200EDEEEA /* Colors.swift in Sources */ = {isa = PBXBuildFile; fileRef = A07C250D278F0A1200EDEEEA /* Colors.swift */; };
		A07C250F278F0A1B00EDEEEA /* Colors.swift in Sources */ = {isa = PBXBuildFile; fileRef = A07C250D278F0A1200EDEEEA /* Colors.swift */; };
		A07C2510278F0A1B00EDEEEA /* Colors.swift in Sources */ = {isa = PBXBuildFile; fileRef = A07C250D278F0A1200EDEEEA /* Colors.swift */; };
		A07C2511278F0A1E00EDEEEA /* Extensions-UIView.swift in Sources */ = {isa = PBXBuildFile; fileRef = A07C250B278F098000EDEEEA /* Extensions-UIView.swift */; };
		A07C2512278F0A1E00EDEEEA /* Extensions-UIView.swift in Sources */ = {isa = PBXBuildFile; fileRef = A07C250B278F098000EDEEEA /* Extensions-UIView.swift */; };
		A07C2513278F0A2500EDEEEA /* AppDelegate.swift in Sources */ = {isa = PBXBuildFile; fileRef = A03E8AC7278EE450008E34C2 /* AppDelegate.swift */; };
		A07C2514278F0A2500EDEEEA /* AppDelegate.swift in Sources */ = {isa = PBXBuildFile; fileRef = A03E8AC7278EE450008E34C2 /* AppDelegate.swift */; };
		A07C2515278F0A2700EDEEEA /* SceneDelegate.swift in Sources */ = {isa = PBXBuildFile; fileRef = A03E8AC9278EE450008E34C2 /* SceneDelegate.swift */; };
		A07C2516278F0A2800EDEEEA /* SceneDelegate.swift in Sources */ = {isa = PBXBuildFile; fileRef = A03E8AC9278EE450008E34C2 /* SceneDelegate.swift */; };
		A07C251A278F0D5700EDEEEA /* RepoCell.swift in Sources */ = {isa = PBXBuildFile; fileRef = A07C2519278F0D5700EDEEEA /* RepoCell.swift */; };
		A07C251B278F0D5700EDEEEA /* RepoCell.swift in Sources */ = {isa = PBXBuildFile; fileRef = A07C2519278F0D5700EDEEEA /* RepoCell.swift */; };
		A07C251C278F0D5700EDEEEA /* RepoCell.swift in Sources */ = {isa = PBXBuildFile; fileRef = A07C2519278F0D5700EDEEEA /* RepoCell.swift */; };
		A07C251E278F0E8200EDEEEA /* Constants.swift in Sources */ = {isa = PBXBuildFile; fileRef = A07C251D278F0E8200EDEEEA /* Constants.swift */; };
		A07C251F278F0E8200EDEEEA /* Constants.swift in Sources */ = {isa = PBXBuildFile; fileRef = A07C251D278F0E8200EDEEEA /* Constants.swift */; };
		A07C2520278F0E8200EDEEEA /* Constants.swift in Sources */ = {isa = PBXBuildFile; fileRef = A07C251D278F0E8200EDEEEA /* Constants.swift */; };
		A07C25222790035500EDEEEA /* ReposListViewModel.swift in Sources */ = {isa = PBXBuildFile; fileRef = A07C25212790035500EDEEEA /* ReposListViewModel.swift */; };
		A07C25232790035500EDEEEA /* ReposListViewModel.swift in Sources */ = {isa = PBXBuildFile; fileRef = A07C25212790035500EDEEEA /* ReposListViewModel.swift */; };
		A07C25242790035500EDEEEA /* ReposListViewModel.swift in Sources */ = {isa = PBXBuildFile; fileRef = A07C25212790035500EDEEEA /* ReposListViewModel.swift */; };
		A07C25262790036000EDEEEA /* RepoCellViewModel.swift in Sources */ = {isa = PBXBuildFile; fileRef = A07C25252790036000EDEEEA /* RepoCellViewModel.swift */; };
		A07C25272790036000EDEEEA /* RepoCellViewModel.swift in Sources */ = {isa = PBXBuildFile; fileRef = A07C25252790036000EDEEEA /* RepoCellViewModel.swift */; };
		A07C25282790036000EDEEEA /* RepoCellViewModel.swift in Sources */ = {isa = PBXBuildFile; fileRef = A07C25252790036000EDEEEA /* RepoCellViewModel.swift */; };
		A07C252B2790144E00EDEEEA /* Extensions-UINavBar.swift in Sources */ = {isa = PBXBuildFile; fileRef = A07C252A2790144E00EDEEEA /* Extensions-UINavBar.swift */; };
		A07C252C2790144E00EDEEEA /* Extensions-UINavBar.swift in Sources */ = {isa = PBXBuildFile; fileRef = A07C252A2790144E00EDEEEA /* Extensions-UINavBar.swift */; };
		A07C252D2790144E00EDEEEA /* Extensions-UINavBar.swift in Sources */ = {isa = PBXBuildFile; fileRef = A07C252A2790144E00EDEEEA /* Extensions-UINavBar.swift */; };
		A07C252F279026E300EDEEEA /* Box.swift in Sources */ = {isa = PBXBuildFile; fileRef = A07C252E279026E300EDEEEA /* Box.swift */; };
		A07C2530279026E300EDEEEA /* Box.swift in Sources */ = {isa = PBXBuildFile; fileRef = A07C252E279026E300EDEEEA /* Box.swift */; };
		A07C2531279026E300EDEEEA /* Box.swift in Sources */ = {isa = PBXBuildFile; fileRef = A07C252E279026E300EDEEEA /* Box.swift */; };
		A07C253327908A7200EDEEEA /* Extensions-UIViewController.swift in Sources */ = {isa = PBXBuildFile; fileRef = A07C253227908A7200EDEEEA /* Extensions-UIViewController.swift */; };
		A07C253427908A7200EDEEEA /* Extensions-UIViewController.swift in Sources */ = {isa = PBXBuildFile; fileRef = A07C253227908A7200EDEEEA /* Extensions-UIViewController.swift */; };
		A07C253527908A7200EDEEEA /* Extensions-UIViewController.swift in Sources */ = {isa = PBXBuildFile; fileRef = A07C253227908A7200EDEEEA /* Extensions-UIViewController.swift */; };
		A07C25372790B45000EDEEEA /* ImageFetcher.swift in Sources */ = {isa = PBXBuildFile; fileRef = A07C25362790B45000EDEEEA /* ImageFetcher.swift */; };
		A07C25382790B45000EDEEEA /* ImageFetcher.swift in Sources */ = {isa = PBXBuildFile; fileRef = A07C25362790B45000EDEEEA /* ImageFetcher.swift */; };
		A07C25392790B45000EDEEEA /* ImageFetcher.swift in Sources */ = {isa = PBXBuildFile; fileRef = A07C25362790B45000EDEEEA /* ImageFetcher.swift */; };
		A07C253A2791D7FC00EDEEEA /* ReposViewController.swift in Sources */ = {isa = PBXBuildFile; fileRef = A03E8ACB278EE450008E34C2 /* ReposViewController.swift */; };
		A07C253B2791D7FD00EDEEEA /* ReposViewController.swift in Sources */ = {isa = PBXBuildFile; fileRef = A03E8ACB278EE450008E34C2 /* ReposViewController.swift */; };
		A07C25402792BE3900EDEEEA /* RepoModelTests.swift in Sources */ = {isa = PBXBuildFile; fileRef = A07C253F2792BE3900EDEEEA /* RepoModelTests.swift */; };
		A07C25442792D00E00EDEEEA /* NetworkingTest.swift in Sources */ = {isa = PBXBuildFile; fileRef = A07C25422792D00E00EDEEEA /* NetworkingTest.swift */; };
		A07C254627932F9100EDEEEA /* URLModelTest.swift in Sources */ = {isa = PBXBuildFile; fileRef = A07C254527932F9100EDEEEA /* URLModelTest.swift */; };
		A07C2548279330B100EDEEEA /* ImageFetcherTest.swift in Sources */ = {isa = PBXBuildFile; fileRef = A07C2547279330B100EDEEEA /* ImageFetcherTest.swift */; };
		A07C254A279341B500EDEEEA /* ReposListViewModelTest.swift in Sources */ = {isa = PBXBuildFile; fileRef = A07C2549279341B500EDEEEA /* ReposListViewModelTest.swift */; };
/* End PBXBuildFile section */

/* Begin PBXContainerItemProxy section */
		A03E8ADB278EE452008E34C2 /* PBXContainerItemProxy */ = {
			isa = PBXContainerItemProxy;
			containerPortal = A03E8ABC278EE450008E34C2 /* Project object */;
			proxyType = 1;
			remoteGlobalIDString = A03E8AC3278EE450008E34C2;
			remoteInfo = "GH-Repos";
		};
		A03E8AE5278EE452008E34C2 /* PBXContainerItemProxy */ = {
			isa = PBXContainerItemProxy;
			containerPortal = A03E8ABC278EE450008E34C2 /* Project object */;
			proxyType = 1;
			remoteGlobalIDString = A03E8AC3278EE450008E34C2;
			remoteInfo = "GH-Repos";
		};
/* End PBXContainerItemProxy section */

/* Begin PBXFileReference section */
		A0187946279483ED0084488E /* Extensions-UITableView.swift */ = {isa = PBXFileReference; lastKnownFileType = sourcecode.swift; path = "Extensions-UITableView.swift"; sourceTree = "<group>"; };
		A03E8AC4278EE450008E34C2 /* GH-Repos.app */ = {isa = PBXFileReference; explicitFileType = wrapper.application; includeInIndex = 0; path = "GH-Repos.app"; sourceTree = BUILT_PRODUCTS_DIR; };
		A03E8AC7278EE450008E34C2 /* AppDelegate.swift */ = {isa = PBXFileReference; lastKnownFileType = sourcecode.swift; path = AppDelegate.swift; sourceTree = "<group>"; };
		A03E8AC9278EE450008E34C2 /* SceneDelegate.swift */ = {isa = PBXFileReference; lastKnownFileType = sourcecode.swift; path = SceneDelegate.swift; sourceTree = "<group>"; };
		A03E8ACB278EE450008E34C2 /* ReposViewController.swift */ = {isa = PBXFileReference; lastKnownFileType = sourcecode.swift; path = ReposViewController.swift; sourceTree = "<group>"; };
		A03E8AD0278EE452008E34C2 /* Assets.xcassets */ = {isa = PBXFileReference; lastKnownFileType = folder.assetcatalog; path = Assets.xcassets; sourceTree = "<group>"; };
		A03E8AD3278EE452008E34C2 /* Base */ = {isa = PBXFileReference; lastKnownFileType = file.storyboard; name = Base; path = Base.lproj/LaunchScreen.storyboard; sourceTree = "<group>"; };
		A03E8AD5278EE452008E34C2 /* Info.plist */ = {isa = PBXFileReference; lastKnownFileType = text.plist.xml; path = Info.plist; sourceTree = "<group>"; };
		A03E8ADA278EE452008E34C2 /* GH-ReposTests.xctest */ = {isa = PBXFileReference; explicitFileType = wrapper.cfbundle; includeInIndex = 0; path = "GH-ReposTests.xctest"; sourceTree = BUILT_PRODUCTS_DIR; };
		A03E8ADE278EE452008E34C2 /* RepoCellViewModelTests.swift */ = {isa = PBXFileReference; lastKnownFileType = sourcecode.swift; path = RepoCellViewModelTests.swift; sourceTree = "<group>"; };
		A03E8AE4278EE452008E34C2 /* GH-ReposUITests.xctest */ = {isa = PBXFileReference; explicitFileType = wrapper.cfbundle; includeInIndex = 0; path = "GH-ReposUITests.xctest"; sourceTree = BUILT_PRODUCTS_DIR; };
		A03E8AE8278EE452008E34C2 /* GH_ReposUITests.swift */ = {isa = PBXFileReference; lastKnownFileType = sourcecode.swift; path = GH_ReposUITests.swift; sourceTree = "<group>"; };
		A03E8AEA278EE452008E34C2 /* GH_ReposUITestsLaunchTests.swift */ = {isa = PBXFileReference; lastKnownFileType = sourcecode.swift; path = GH_ReposUITestsLaunchTests.swift; sourceTree = "<group>"; };
		A03E8AF7278EE5F3008E34C2 /* NetworkService.swift */ = {isa = PBXFileReference; lastKnownFileType = sourcecode.swift; path = NetworkService.swift; sourceTree = "<group>"; };
		A03E8AFD278EE6E9008E34C2 /* ReposError.swift */ = {isa = PBXFileReference; lastKnownFileType = sourcecode.swift; path = ReposError.swift; sourceTree = "<group>"; };
		A03E8B01278EEA8D008E34C2 /* NetworkObjectsFetcher.swift */ = {isa = PBXFileReference; lastKnownFileType = sourcecode.swift; path = NetworkObjectsFetcher.swift; sourceTree = "<group>"; };
		A03E8B05278EEE2D008E34C2 /* DataFetcherService.swift */ = {isa = PBXFileReference; lastKnownFileType = sourcecode.swift; path = DataFetcherService.swift; sourceTree = "<group>"; };
		A03E8B09278EF0A4008E34C2 /* URLModel.swift */ = {isa = PBXFileReference; lastKnownFileType = sourcecode.swift; path = URLModel.swift; sourceTree = "<group>"; };
		A03E8B12278EF614008E34C2 /* RepoModel.swift */ = {isa = PBXFileReference; lastKnownFileType = sourcecode.swift; path = RepoModel.swift; sourceTree = "<group>"; };
		A07C250B278F098000EDEEEA /* Extensions-UIView.swift */ = {isa = PBXFileReference; lastKnownFileType = sourcecode.swift; path = "Extensions-UIView.swift"; sourceTree = "<group>"; };
		A07C250D278F0A1200EDEEEA /* Colors.swift */ = {isa = PBXFileReference; lastKnownFileType = sourcecode.swift; path = Colors.swift; sourceTree = "<group>"; };
		A07C2519278F0D5700EDEEEA /* RepoCell.swift */ = {isa = PBXFileReference; lastKnownFileType = sourcecode.swift; path = RepoCell.swift; sourceTree = "<group>"; };
		A07C251D278F0E8200EDEEEA /* Constants.swift */ = {isa = PBXFileReference; lastKnownFileType = sourcecode.swift; path = Constants.swift; sourceTree = "<group>"; };
		A07C25212790035500EDEEEA /* ReposListViewModel.swift */ = {isa = PBXFileReference; lastKnownFileType = sourcecode.swift; path = ReposListViewModel.swift; sourceTree = "<group>"; };
		A07C25252790036000EDEEEA /* RepoCellViewModel.swift */ = {isa = PBXFileReference; lastKnownFileType = sourcecode.swift; path = RepoCellViewModel.swift; sourceTree = "<group>"; };
		A07C252A2790144E00EDEEEA /* Extensions-UINavBar.swift */ = {isa = PBXFileReference; lastKnownFileType = sourcecode.swift; path = "Extensions-UINavBar.swift"; sourceTree = "<group>"; };
		A07C252E279026E300EDEEEA /* Box.swift */ = {isa = PBXFileReference; lastKnownFileType = sourcecode.swift; path = Box.swift; sourceTree = "<group>"; };
		A07C253227908A7200EDEEEA /* Extensions-UIViewController.swift */ = {isa = PBXFileReference; lastKnownFileType = sourcecode.swift; path = "Extensions-UIViewController.swift"; sourceTree = "<group>"; };
		A07C25362790B45000EDEEEA /* ImageFetcher.swift */ = {isa = PBXFileReference; lastKnownFileType = sourcecode.swift; path = ImageFetcher.swift; sourceTree = "<group>"; };
		A07C253F2792BE3900EDEEEA /* RepoModelTests.swift */ = {isa = PBXFileReference; lastKnownFileType = sourcecode.swift; path = RepoModelTests.swift; sourceTree = "<group>"; };
		A07C25422792D00E00EDEEEA /* NetworkingTest.swift */ = {isa = PBXFileReference; lastKnownFileType = sourcecode.swift; path = NetworkingTest.swift; sourceTree = "<group>"; };
		A07C254527932F9100EDEEEA /* URLModelTest.swift */ = {isa = PBXFileReference; lastKnownFileType = sourcecode.swift; path = URLModelTest.swift; sourceTree = "<group>"; };
		A07C2547279330B100EDEEEA /* ImageFetcherTest.swift */ = {isa = PBXFileReference; lastKnownFileType = sourcecode.swift; path = ImageFetcherTest.swift; sourceTree = "<group>"; };
		A07C2549279341B500EDEEEA /* ReposListViewModelTest.swift */ = {isa = PBXFileReference; lastKnownFileType = sourcecode.swift; path = ReposListViewModelTest.swift; sourceTree = "<group>"; };
/* End PBXFileReference section */

/* Begin PBXFrameworksBuildPhase section */
		A03E8AC1278EE450008E34C2 /* Frameworks */ = {
			isa = PBXFrameworksBuildPhase;
			buildActionMask = 2147483647;
			files = (
			);
			runOnlyForDeploymentPostprocessing = 0;
		};
		A03E8AD7278EE452008E34C2 /* Frameworks */ = {
			isa = PBXFrameworksBuildPhase;
			buildActionMask = 2147483647;
			files = (
			);
			runOnlyForDeploymentPostprocessing = 0;
		};
		A03E8AE1278EE452008E34C2 /* Frameworks */ = {
			isa = PBXFrameworksBuildPhase;
			buildActionMask = 2147483647;
			files = (
			);
			runOnlyForDeploymentPostprocessing = 0;
		};
/* End PBXFrameworksBuildPhase section */

/* Begin PBXGroup section */
		A03E8ABB278EE450008E34C2 = {
			isa = PBXGroup;
			children = (
				A03E8AC6278EE450008E34C2 /* GH-Repos */,
				A03E8ADD278EE452008E34C2 /* GH-ReposTests */,
				A03E8AE7278EE452008E34C2 /* GH-ReposUITests */,
				A03E8AC5278EE450008E34C2 /* Products */,
			);
			sourceTree = "<group>";
		};
		A03E8AC5278EE450008E34C2 /* Products */ = {
			isa = PBXGroup;
			children = (
				A03E8AC4278EE450008E34C2 /* GH-Repos.app */,
				A03E8ADA278EE452008E34C2 /* GH-ReposTests.xctest */,
				A03E8AE4278EE452008E34C2 /* GH-ReposUITests.xctest */,
			);
			name = Products;
			sourceTree = "<group>";
		};
		A03E8AC6278EE450008E34C2 /* GH-Repos */ = {
			isa = PBXGroup;
			children = (
				A03E8B11278EF603008E34C2 /* Model */,
				A07C2517278F0CB500EDEEEA /* View */,
				A07C2518278F0CC500EDEEEA /* ViewModel */,
				A03E8AFB278EE5F9008E34C2 /* Managers */,
				A03E8AFC278EE6C1008E34C2 /* Helpers */,
				A03E8B16278EF64D008E34C2 /* SupportingFiles */,
			);
			path = "GH-Repos";
			sourceTree = "<group>";
		};
		A03E8ADD278EE452008E34C2 /* GH-ReposTests */ = {
			isa = PBXGroup;
			children = (
				A07C253E2792BE2800EDEEEA /* Model */,
				A07C253D2792BE2000EDEEEA /* ViewModel */,
				A07C25412792CFF100EDEEEA /* Networking */,
			);
			path = "GH-ReposTests";
			sourceTree = "<group>";
		};
		A03E8AE7278EE452008E34C2 /* GH-ReposUITests */ = {
			isa = PBXGroup;
			children = (
				A03E8AE8278EE452008E34C2 /* GH_ReposUITests.swift */,
				A03E8AEA278EE452008E34C2 /* GH_ReposUITestsLaunchTests.swift */,
			);
			path = "GH-ReposUITests";
			sourceTree = "<group>";
		};
		A03E8AFB278EE5F9008E34C2 /* Managers */ = {
			isa = PBXGroup;
			children = (
				A07C253C2792B9B100EDEEEA /* Networking */,
			);
			path = Managers;
			sourceTree = "<group>";
		};
		A03E8AFC278EE6C1008E34C2 /* Helpers */ = {
			isa = PBXGroup;
			children = (
				A03E8AFD278EE6E9008E34C2 /* ReposError.swift */,
				A07C252E279026E300EDEEEA /* Box.swift */,
				A07C25292790142300EDEEEA /* Extensions */,
				A07C250D278F0A1200EDEEEA /* Colors.swift */,
				A07C251D278F0E8200EDEEEA /* Constants.swift */,
			);
			path = Helpers;
			sourceTree = "<group>";
		};
		A03E8B11278EF603008E34C2 /* Model */ = {
			isa = PBXGroup;
			children = (
				A03E8B12278EF614008E34C2 /* RepoModel.swift */,
			);
			path = Model;
			sourceTree = "<group>";
		};
		A03E8B16278EF64D008E34C2 /* SupportingFiles */ = {
			isa = PBXGroup;
			children = (
				A03E8AC7278EE450008E34C2 /* AppDelegate.swift */,
				A03E8AC9278EE450008E34C2 /* SceneDelegate.swift */,
				A03E8AD0278EE452008E34C2 /* Assets.xcassets */,
				A03E8AD2278EE452008E34C2 /* LaunchScreen.storyboard */,
				A03E8AD5278EE452008E34C2 /* Info.plist */,
			);
			path = SupportingFiles;
			sourceTree = "<group>";
		};
		A07C2517278F0CB500EDEEEA /* View */ = {
			isa = PBXGroup;
			children = (
				A03E8ACB278EE450008E34C2 /* ReposViewController.swift */,
				A07C2519278F0D5700EDEEEA /* RepoCell.swift */,
			);
			path = View;
			sourceTree = "<group>";
		};
		A07C2518278F0CC500EDEEEA /* ViewModel */ = {
			isa = PBXGroup;
			children = (
				A07C25212790035500EDEEEA /* ReposListViewModel.swift */,
				A07C25252790036000EDEEEA /* RepoCellViewModel.swift */,
			);
			path = ViewModel;
			sourceTree = "<group>";
		};
		A07C25292790142300EDEEEA /* Extensions */ = {
			isa = PBXGroup;
			children = (
				A07C250B278F098000EDEEEA /* Extensions-UIView.swift */,
				A07C252A2790144E00EDEEEA /* Extensions-UINavBar.swift */,
				A07C253227908A7200EDEEEA /* Extensions-UIViewController.swift */,
				A0187946279483ED0084488E /* Extensions-UITableView.swift */,
			);
			path = Extensions;
			sourceTree = "<group>";
		};
		A07C253C2792B9B100EDEEEA /* Networking */ = {
			isa = PBXGroup;
			children = (
				A03E8B09278EF0A4008E34C2 /* URLModel.swift */,
				A03E8AF7278EE5F3008E34C2 /* NetworkService.swift */,
				A03E8B01278EEA8D008E34C2 /* NetworkObjectsFetcher.swift */,
				A03E8B05278EEE2D008E34C2 /* DataFetcherService.swift */,
				A07C25362790B45000EDEEEA /* ImageFetcher.swift */,
			);
			path = Networking;
			sourceTree = "<group>";
		};
		A07C253D2792BE2000EDEEEA /* ViewModel */ = {
			isa = PBXGroup;
			children = (
				A03E8ADE278EE452008E34C2 /* RepoCellViewModelTests.swift */,
				A07C2549279341B500EDEEEA /* ReposListViewModelTest.swift */,
			);
			path = ViewModel;
			sourceTree = "<group>";
		};
		A07C253E2792BE2800EDEEEA /* Model */ = {
			isa = PBXGroup;
			children = (
				A07C253F2792BE3900EDEEEA /* RepoModelTests.swift */,
			);
			path = Model;
			sourceTree = "<group>";
		};
		A07C25412792CFF100EDEEEA /* Networking */ = {
			isa = PBXGroup;
			children = (
				A07C254527932F9100EDEEEA /* URLModelTest.swift */,
				A07C25422792D00E00EDEEEA /* NetworkingTest.swift */,
				A07C2547279330B100EDEEEA /* ImageFetcherTest.swift */,
			);
			path = Networking;
			sourceTree = "<group>";
		};
/* End PBXGroup section */

/* Begin PBXNativeTarget section */
		A03E8AC3278EE450008E34C2 /* GH-Repos */ = {
			isa = PBXNativeTarget;
			buildConfigurationList = A03E8AEE278EE452008E34C2 /* Build configuration list for PBXNativeTarget "GH-Repos" */;
			buildPhases = (
				A03E8AC0278EE450008E34C2 /* Sources */,
				A03E8AC1278EE450008E34C2 /* Frameworks */,
				A03E8AC2278EE450008E34C2 /* Resources */,
			);
			buildRules = (
			);
			dependencies = (
			);
			name = "GH-Repos";
			productName = "GH-Repos";
			productReference = A03E8AC4278EE450008E34C2 /* GH-Repos.app */;
			productType = "com.apple.product-type.application";
		};
		A03E8AD9278EE452008E34C2 /* GH-ReposTests */ = {
			isa = PBXNativeTarget;
			buildConfigurationList = A03E8AF1278EE452008E34C2 /* Build configuration list for PBXNativeTarget "GH-ReposTests" */;
			buildPhases = (
				A03E8AD6278EE452008E34C2 /* Sources */,
				A03E8AD7278EE452008E34C2 /* Frameworks */,
				A03E8AD8278EE452008E34C2 /* Resources */,
			);
			buildRules = (
			);
			dependencies = (
				A03E8ADC278EE452008E34C2 /* PBXTargetDependency */,
			);
			name = "GH-ReposTests";
			productName = "GH-ReposTests";
			productReference = A03E8ADA278EE452008E34C2 /* GH-ReposTests.xctest */;
			productType = "com.apple.product-type.bundle.unit-test";
		};
		A03E8AE3278EE452008E34C2 /* GH-ReposUITests */ = {
			isa = PBXNativeTarget;
			buildConfigurationList = A03E8AF4278EE452008E34C2 /* Build configuration list for PBXNativeTarget "GH-ReposUITests" */;
			buildPhases = (
				A03E8AE0278EE452008E34C2 /* Sources */,
				A03E8AE1278EE452008E34C2 /* Frameworks */,
				A03E8AE2278EE452008E34C2 /* Resources */,
			);
			buildRules = (
			);
			dependencies = (
				A03E8AE6278EE452008E34C2 /* PBXTargetDependency */,
			);
			name = "GH-ReposUITests";
			productName = "GH-ReposUITests";
			productReference = A03E8AE4278EE452008E34C2 /* GH-ReposUITests.xctest */;
			productType = "com.apple.product-type.bundle.ui-testing";
		};
/* End PBXNativeTarget section */

/* Begin PBXProject section */
		A03E8ABC278EE450008E34C2 /* Project object */ = {
			isa = PBXProject;
			attributes = {
				BuildIndependentTargetsInParallel = 1;
				LastSwiftUpdateCheck = 1320;
				LastUpgradeCheck = 1320;
				TargetAttributes = {
					A03E8AC3278EE450008E34C2 = {
						CreatedOnToolsVersion = 13.2.1;
					};
					A03E8AD9278EE452008E34C2 = {
						CreatedOnToolsVersion = 13.2.1;
						TestTargetID = A03E8AC3278EE450008E34C2;
					};
					A03E8AE3278EE452008E34C2 = {
						CreatedOnToolsVersion = 13.2.1;
						TestTargetID = A03E8AC3278EE450008E34C2;
					};
				};
			};
			buildConfigurationList = A03E8ABF278EE450008E34C2 /* Build configuration list for PBXProject "GH-Repos" */;
			compatibilityVersion = "Xcode 13.0";
			developmentRegion = en;
			hasScannedForEncodings = 0;
			knownRegions = (
				en,
				Base,
			);
			mainGroup = A03E8ABB278EE450008E34C2;
			productRefGroup = A03E8AC5278EE450008E34C2 /* Products */;
			projectDirPath = "";
			projectRoot = "";
			targets = (
				A03E8AC3278EE450008E34C2 /* GH-Repos */,
				A03E8AD9278EE452008E34C2 /* GH-ReposTests */,
				A03E8AE3278EE452008E34C2 /* GH-ReposUITests */,
			);
		};
/* End PBXProject section */

/* Begin PBXResourcesBuildPhase section */
		A03E8AC2278EE450008E34C2 /* Resources */ = {
			isa = PBXResourcesBuildPhase;
			buildActionMask = 2147483647;
			files = (
				A03E8AD4278EE452008E34C2 /* LaunchScreen.storyboard in Resources */,
				A03E8AD1278EE452008E34C2 /* Assets.xcassets in Resources */,
			);
			runOnlyForDeploymentPostprocessing = 0;
		};
		A03E8AD8278EE452008E34C2 /* Resources */ = {
			isa = PBXResourcesBuildPhase;
			buildActionMask = 2147483647;
			files = (
			);
			runOnlyForDeploymentPostprocessing = 0;
		};
		A03E8AE2278EE452008E34C2 /* Resources */ = {
			isa = PBXResourcesBuildPhase;
			buildActionMask = 2147483647;
			files = (
			);
			runOnlyForDeploymentPostprocessing = 0;
		};
/* End PBXResourcesBuildPhase section */

/* Begin PBXSourcesBuildPhase section */
		A03E8AC0278EE450008E34C2 /* Sources */ = {
			isa = PBXSourcesBuildPhase;
			buildActionMask = 2147483647;
			files = (
				A07C25262790036000EDEEEA /* RepoCellViewModel.swift in Sources */,
				A0187947279483ED0084488E /* Extensions-UITableView.swift in Sources */,
				A03E8B02278EEA8D008E34C2 /* NetworkObjectsFetcher.swift in Sources */,
				A07C250E278F0A1200EDEEEA /* Colors.swift in Sources */,
				A03E8B06278EEE2D008E34C2 /* DataFetcherService.swift in Sources */,
				A03E8ACC278EE450008E34C2 /* ReposViewController.swift in Sources */,
				A07C25372790B45000EDEEEA /* ImageFetcher.swift in Sources */,
				A03E8AC8278EE450008E34C2 /* AppDelegate.swift in Sources */,
				A03E8AFE278EE6E9008E34C2 /* ReposError.swift in Sources */,
				A03E8B13278EF614008E34C2 /* RepoModel.swift in Sources */,
				A07C251E278F0E8200EDEEEA /* Constants.swift in Sources */,
				A07C252B2790144E00EDEEEA /* Extensions-UINavBar.swift in Sources */,
				A07C250C278F098000EDEEEA /* Extensions-UIView.swift in Sources */,
				A03E8B0A278EF0A4008E34C2 /* URLModel.swift in Sources */,
				A07C25222790035500EDEEEA /* ReposListViewModel.swift in Sources */,
				A07C252F279026E300EDEEEA /* Box.swift in Sources */,
				A03E8AF8278EE5F3008E34C2 /* NetworkService.swift in Sources */,
				A03E8ACA278EE450008E34C2 /* SceneDelegate.swift in Sources */,
				A07C253327908A7200EDEEEA /* Extensions-UIViewController.swift in Sources */,
				A07C251A278F0D5700EDEEEA /* RepoCell.swift in Sources */,
			);
			runOnlyForDeploymentPostprocessing = 0;
		};
		A03E8AD6278EE452008E34C2 /* Sources */ = {
			isa = PBXSourcesBuildPhase;
			buildActionMask = 2147483647;
			files = (
				A07C25272790036000EDEEEA /* RepoCellViewModel.swift in Sources */,
				A07C254A279341B500EDEEEA /* ReposListViewModelTest.swift in Sources */,
				A03E8B07278EEE2D008E34C2 /* DataFetcherService.swift in Sources */,
				A07C250F278F0A1B00EDEEEA /* Colors.swift in Sources */,
				A07C2511278F0A1E00EDEEEA /* Extensions-UIView.swift in Sources */,
				A0187948279485CA0084488E /* Extensions-UITableView.swift in Sources */,
				A03E8B14278EF614008E34C2 /* RepoModel.swift in Sources */,
				A07C2548279330B100EDEEEA /* ImageFetcherTest.swift in Sources */,
				A07C254627932F9100EDEEEA /* URLModelTest.swift in Sources */,
				A07C25382790B45000EDEEEA /* ImageFetcher.swift in Sources */,
				A03E8B0B278EF0A4008E34C2 /* URLModel.swift in Sources */,
				A03E8B03278EEA8D008E34C2 /* NetworkObjectsFetcher.swift in Sources */,
				A03E8AF9278EE5F3008E34C2 /* NetworkService.swift in Sources */,
				A07C251F278F0E8200EDEEEA /* Constants.swift in Sources */,
				A07C252C2790144E00EDEEEA /* Extensions-UINavBar.swift in Sources */,
				A07C2515278F0A2700EDEEEA /* SceneDelegate.swift in Sources */,
				A07C253A2791D7FC00EDEEEA /* ReposViewController.swift in Sources */,
				A03E8ADF278EE452008E34C2 /* RepoCellViewModelTests.swift in Sources */,
				A07C25232790035500EDEEEA /* ReposListViewModel.swift in Sources */,
				A07C2530279026E300EDEEEA /* Box.swift in Sources */,
				A07C25402792BE3900EDEEEA /* RepoModelTests.swift in Sources */,
				A07C25442792D00E00EDEEEA /* NetworkingTest.swift in Sources */,
				A07C2513278F0A2500EDEEEA /* AppDelegate.swift in Sources */,
				A03E8AFF278EE6E9008E34C2 /* ReposError.swift in Sources */,
				A07C253427908A7200EDEEEA /* Extensions-UIViewController.swift in Sources */,
				A07C251B278F0D5700EDEEEA /* RepoCell.swift in Sources */,
			);
			runOnlyForDeploymentPostprocessing = 0;
		};
		A03E8AE0278EE452008E34C2 /* Sources */ = {
			isa = PBXSourcesBuildPhase;
			buildActionMask = 2147483647;
			files = (
				A07C2514278F0A2500EDEEEA /* AppDelegate.swift in Sources */,
				A07C252D2790144E00EDEEEA /* Extensions-UINavBar.swift in Sources */,
				A03E8AEB278EE452008E34C2 /* GH_ReposUITestsLaunchTests.swift in Sources */,
				A07C253B2791D7FD00EDEEEA /* ReposViewController.swift in Sources */,
				A07C2510278F0A1B00EDEEEA /* Colors.swift in Sources */,
				A03E8B15278EF614008E34C2 /* RepoModel.swift in Sources */,
				A07C25282790036000EDEEEA /* RepoCellViewModel.swift in Sources */,
				A03E8AFA278EE5F3008E34C2 /* NetworkService.swift in Sources */,
				A07C251C278F0D5700EDEEEA /* RepoCell.swift in Sources */,
				A03E8B0C278EF0A4008E34C2 /* URLModel.swift in Sources */,
				A07C25392790B45000EDEEEA /* ImageFetcher.swift in Sources */,
				A07C2531279026E300EDEEEA /* Box.swift in Sources */,
				A03E8B00278EE6E9008E34C2 /* ReposError.swift in Sources */,
				A07C25242790035500EDEEEA /* ReposListViewModel.swift in Sources */,
				A07C2512278F0A1E00EDEEEA /* Extensions-UIView.swift in Sources */,
				A03E8AE9278EE452008E34C2 /* GH_ReposUITests.swift in Sources */,
				A03E8B04278EEA8D008E34C2 /* NetworkObjectsFetcher.swift in Sources */,
				A0187949279485EB0084488E /* Extensions-UITableView.swift in Sources */,
				A07C2520278F0E8200EDEEEA /* Constants.swift in Sources */,
				A07C253527908A7200EDEEEA /* Extensions-UIViewController.swift in Sources */,
				A03E8B08278EEE2D008E34C2 /* DataFetcherService.swift in Sources */,
				A07C2516278F0A2800EDEEEA /* SceneDelegate.swift in Sources */,
			);
			runOnlyForDeploymentPostprocessing = 0;
		};
/* End PBXSourcesBuildPhase section */

/* Begin PBXTargetDependency section */
		A03E8ADC278EE452008E34C2 /* PBXTargetDependency */ = {
			isa = PBXTargetDependency;
			target = A03E8AC3278EE450008E34C2 /* GH-Repos */;
			targetProxy = A03E8ADB278EE452008E34C2 /* PBXContainerItemProxy */;
		};
		A03E8AE6278EE452008E34C2 /* PBXTargetDependency */ = {
			isa = PBXTargetDependency;
			target = A03E8AC3278EE450008E34C2 /* GH-Repos */;
			targetProxy = A03E8AE5278EE452008E34C2 /* PBXContainerItemProxy */;
		};
/* End PBXTargetDependency section */

/* Begin PBXVariantGroup section */
		A03E8AD2278EE452008E34C2 /* LaunchScreen.storyboard */ = {
			isa = PBXVariantGroup;
			children = (
				A03E8AD3278EE452008E34C2 /* Base */,
			);
			name = LaunchScreen.storyboard;
			sourceTree = "<group>";
		};
/* End PBXVariantGroup section */

/* Begin XCBuildConfiguration section */
		A03E8AEC278EE452008E34C2 /* Debug */ = {
			isa = XCBuildConfiguration;
			buildSettings = {
				ALWAYS_SEARCH_USER_PATHS = NO;
				CLANG_ANALYZER_NONNULL = YES;
				CLANG_ANALYZER_NUMBER_OBJECT_CONVERSION = YES_AGGRESSIVE;
				CLANG_CXX_LANGUAGE_STANDARD = "gnu++17";
				CLANG_CXX_LIBRARY = "libc++";
				CLANG_ENABLE_MODULES = YES;
				CLANG_ENABLE_OBJC_ARC = YES;
				CLANG_ENABLE_OBJC_WEAK = YES;
				CLANG_WARN_BLOCK_CAPTURE_AUTORELEASING = YES;
				CLANG_WARN_BOOL_CONVERSION = YES;
				CLANG_WARN_COMMA = YES;
				CLANG_WARN_CONSTANT_CONVERSION = YES;
				CLANG_WARN_DEPRECATED_OBJC_IMPLEMENTATIONS = YES;
				CLANG_WARN_DIRECT_OBJC_ISA_USAGE = YES_ERROR;
				CLANG_WARN_DOCUMENTATION_COMMENTS = YES;
				CLANG_WARN_EMPTY_BODY = YES;
				CLANG_WARN_ENUM_CONVERSION = YES;
				CLANG_WARN_INFINITE_RECURSION = YES;
				CLANG_WARN_INT_CONVERSION = YES;
				CLANG_WARN_NON_LITERAL_NULL_CONVERSION = YES;
				CLANG_WARN_OBJC_IMPLICIT_RETAIN_SELF = YES;
				CLANG_WARN_OBJC_LITERAL_CONVERSION = YES;
				CLANG_WARN_OBJC_ROOT_CLASS = YES_ERROR;
				CLANG_WARN_QUOTED_INCLUDE_IN_FRAMEWORK_HEADER = YES;
				CLANG_WARN_RANGE_LOOP_ANALYSIS = YES;
				CLANG_WARN_STRICT_PROTOTYPES = YES;
				CLANG_WARN_SUSPICIOUS_MOVE = YES;
				CLANG_WARN_UNGUARDED_AVAILABILITY = YES_AGGRESSIVE;
				CLANG_WARN_UNREACHABLE_CODE = YES;
				CLANG_WARN__DUPLICATE_METHOD_MATCH = YES;
				COPY_PHASE_STRIP = NO;
				DEBUG_INFORMATION_FORMAT = dwarf;
				ENABLE_STRICT_OBJC_MSGSEND = YES;
				ENABLE_TESTABILITY = YES;
				GCC_C_LANGUAGE_STANDARD = gnu11;
				GCC_DYNAMIC_NO_PIC = NO;
				GCC_NO_COMMON_BLOCKS = YES;
				GCC_OPTIMIZATION_LEVEL = 0;
				GCC_PREPROCESSOR_DEFINITIONS = (
					"DEBUG=1",
					"$(inherited)",
				);
				GCC_WARN_64_TO_32_BIT_CONVERSION = YES;
				GCC_WARN_ABOUT_RETURN_TYPE = YES_ERROR;
				GCC_WARN_UNDECLARED_SELECTOR = YES;
				GCC_WARN_UNINITIALIZED_AUTOS = YES_AGGRESSIVE;
				GCC_WARN_UNUSED_FUNCTION = YES;
				GCC_WARN_UNUSED_VARIABLE = YES;
				IPHONEOS_DEPLOYMENT_TARGET = 15.2;
				MTL_ENABLE_DEBUG_INFO = INCLUDE_SOURCE;
				MTL_FAST_MATH = YES;
				ONLY_ACTIVE_ARCH = YES;
				SDKROOT = iphoneos;
				SWIFT_ACTIVE_COMPILATION_CONDITIONS = DEBUG;
				SWIFT_OPTIMIZATION_LEVEL = "-Onone";
			};
			name = Debug;
		};
		A03E8AED278EE452008E34C2 /* Release */ = {
			isa = XCBuildConfiguration;
			buildSettings = {
				ALWAYS_SEARCH_USER_PATHS = NO;
				CLANG_ANALYZER_NONNULL = YES;
				CLANG_ANALYZER_NUMBER_OBJECT_CONVERSION = YES_AGGRESSIVE;
				CLANG_CXX_LANGUAGE_STANDARD = "gnu++17";
				CLANG_CXX_LIBRARY = "libc++";
				CLANG_ENABLE_MODULES = YES;
				CLANG_ENABLE_OBJC_ARC = YES;
				CLANG_ENABLE_OBJC_WEAK = YES;
				CLANG_WARN_BLOCK_CAPTURE_AUTORELEASING = YES;
				CLANG_WARN_BOOL_CONVERSION = YES;
				CLANG_WARN_COMMA = YES;
				CLANG_WARN_CONSTANT_CONVERSION = YES;
				CLANG_WARN_DEPRECATED_OBJC_IMPLEMENTATIONS = YES;
				CLANG_WARN_DIRECT_OBJC_ISA_USAGE = YES_ERROR;
				CLANG_WARN_DOCUMENTATION_COMMENTS = YES;
				CLANG_WARN_EMPTY_BODY = YES;
				CLANG_WARN_ENUM_CONVERSION = YES;
				CLANG_WARN_INFINITE_RECURSION = YES;
				CLANG_WARN_INT_CONVERSION = YES;
				CLANG_WARN_NON_LITERAL_NULL_CONVERSION = YES;
				CLANG_WARN_OBJC_IMPLICIT_RETAIN_SELF = YES;
				CLANG_WARN_OBJC_LITERAL_CONVERSION = YES;
				CLANG_WARN_OBJC_ROOT_CLASS = YES_ERROR;
				CLANG_WARN_QUOTED_INCLUDE_IN_FRAMEWORK_HEADER = YES;
				CLANG_WARN_RANGE_LOOP_ANALYSIS = YES;
				CLANG_WARN_STRICT_PROTOTYPES = YES;
				CLANG_WARN_SUSPICIOUS_MOVE = YES;
				CLANG_WARN_UNGUARDED_AVAILABILITY = YES_AGGRESSIVE;
				CLANG_WARN_UNREACHABLE_CODE = YES;
				CLANG_WARN__DUPLICATE_METHOD_MATCH = YES;
				COPY_PHASE_STRIP = NO;
				DEBUG_INFORMATION_FORMAT = "dwarf-with-dsym";
				ENABLE_NS_ASSERTIONS = NO;
				ENABLE_STRICT_OBJC_MSGSEND = YES;
				GCC_C_LANGUAGE_STANDARD = gnu11;
				GCC_NO_COMMON_BLOCKS = YES;
				GCC_WARN_64_TO_32_BIT_CONVERSION = YES;
				GCC_WARN_ABOUT_RETURN_TYPE = YES_ERROR;
				GCC_WARN_UNDECLARED_SELECTOR = YES;
				GCC_WARN_UNINITIALIZED_AUTOS = YES_AGGRESSIVE;
				GCC_WARN_UNUSED_FUNCTION = YES;
				GCC_WARN_UNUSED_VARIABLE = YES;
				IPHONEOS_DEPLOYMENT_TARGET = 15.2;
				MTL_ENABLE_DEBUG_INFO = NO;
				MTL_FAST_MATH = YES;
				SDKROOT = iphoneos;
				SWIFT_COMPILATION_MODE = wholemodule;
				SWIFT_OPTIMIZATION_LEVEL = "-O";
				VALIDATE_PRODUCT = YES;
			};
			name = Release;
		};
		A03E8AEF278EE452008E34C2 /* Debug */ = {
			isa = XCBuildConfiguration;
			buildSettings = {
				ASSETCATALOG_COMPILER_APPICON_NAME = AppIcon;
				ASSETCATALOG_COMPILER_GLOBAL_ACCENT_COLOR_NAME = AccentColor;
				CODE_SIGN_STYLE = Automatic;
				CURRENT_PROJECT_VERSION = 1;
				DEVELOPMENT_TEAM = 2SFU59SCCX;
				GENERATE_INFOPLIST_FILE = YES;
				INFOPLIST_FILE = "GH-Repos/SupportingFiles/Info.plist";
				INFOPLIST_KEY_UIApplicationSupportsIndirectInputEvents = YES;
				INFOPLIST_KEY_UILaunchStoryboardName = LaunchScreen;
				INFOPLIST_KEY_UISupportedInterfaceOrientations_iPad = "UIInterfaceOrientationPortrait UIInterfaceOrientationPortraitUpsideDown UIInterfaceOrientationLandscapeLeft UIInterfaceOrientationLandscapeRight";
				INFOPLIST_KEY_UISupportedInterfaceOrientations_iPhone = "UIInterfaceOrientationPortrait UIInterfaceOrientationLandscapeLeft UIInterfaceOrientationLandscapeRight";
				LD_RUNPATH_SEARCH_PATHS = (
					"$(inherited)",
					"@executable_path/Frameworks",
				);
				MARKETING_VERSION = 1.0;
				PRODUCT_BUNDLE_IDENTIFIER = "com.zizlak.GH-Repos";
				PRODUCT_NAME = "$(TARGET_NAME)";
				SWIFT_EMIT_LOC_STRINGS = YES;
				SWIFT_VERSION = 5.0;
				TARGETED_DEVICE_FAMILY = "1,2";
			};
			name = Debug;
		};
		A03E8AF0278EE452008E34C2 /* Release */ = {
			isa = XCBuildConfiguration;
			buildSettings = {
				ASSETCATALOG_COMPILER_APPICON_NAME = AppIcon;
				ASSETCATALOG_COMPILER_GLOBAL_ACCENT_COLOR_NAME = AccentColor;
				CODE_SIGN_STYLE = Automatic;
				CURRENT_PROJECT_VERSION = 1;
				DEVELOPMENT_TEAM = 2SFU59SCCX;
				GENERATE_INFOPLIST_FILE = YES;
				INFOPLIST_FILE = "GH-Repos/SupportingFiles/Info.plist";
				INFOPLIST_KEY_UIApplicationSupportsIndirectInputEvents = YES;
				INFOPLIST_KEY_UILaunchStoryboardName = LaunchScreen;
				INFOPLIST_KEY_UISupportedInterfaceOrientations_iPad = "UIInterfaceOrientationPortrait UIInterfaceOrientationPortraitUpsideDown UIInterfaceOrientationLandscapeLeft UIInterfaceOrientationLandscapeRight";
				INFOPLIST_KEY_UISupportedInterfaceOrientations_iPhone = "UIInterfaceOrientationPortrait UIInterfaceOrientationLandscapeLeft UIInterfaceOrientationLandscapeRight";
				LD_RUNPATH_SEARCH_PATHS = (
					"$(inherited)",
					"@executable_path/Frameworks",
				);
				MARKETING_VERSION = 1.0;
				PRODUCT_BUNDLE_IDENTIFIER = "com.zizlak.GH-Repos";
				PRODUCT_NAME = "$(TARGET_NAME)";
				SWIFT_EMIT_LOC_STRINGS = YES;
				SWIFT_VERSION = 5.0;
				TARGETED_DEVICE_FAMILY = "1,2";
			};
			name = Release;
		};
		A03E8AF2278EE452008E34C2 /* Debug */ = {
			isa = XCBuildConfiguration;
			buildSettings = {
				ALWAYS_EMBED_SWIFT_STANDARD_LIBRARIES = YES;
				BUNDLE_LOADER = "$(TEST_HOST)";
				CODE_SIGN_STYLE = Automatic;
				CURRENT_PROJECT_VERSION = 1;
				DEVELOPMENT_TEAM = 2SFU59SCCX;
				GENERATE_INFOPLIST_FILE = YES;
				IPHONEOS_DEPLOYMENT_TARGET = 15.2;
				MARKETING_VERSION = 1.0;
				PRODUCT_BUNDLE_IDENTIFIER = "com.zizlak.GH-ReposTests";
				PRODUCT_NAME = "$(TARGET_NAME)";
				SWIFT_EMIT_LOC_STRINGS = NO;
				SWIFT_VERSION = 5.0;
				TARGETED_DEVICE_FAMILY = "1,2";
				TEST_HOST = "$(BUILT_PRODUCTS_DIR)/GH-Repos.app/GH-Repos";
			};
			name = Debug;
		};
		A03E8AF3278EE452008E34C2 /* Release */ = {
			isa = XCBuildConfiguration;
			buildSettings = {
				ALWAYS_EMBED_SWIFT_STANDARD_LIBRARIES = YES;
				BUNDLE_LOADER = "$(TEST_HOST)";
				CODE_SIGN_STYLE = Automatic;
				CURRENT_PROJECT_VERSION = 1;
				DEVELOPMENT_TEAM = 2SFU59SCCX;
				GENERATE_INFOPLIST_FILE = YES;
				IPHONEOS_DEPLOYMENT_TARGET = 15.2;
				MARKETING_VERSION = 1.0;
				PRODUCT_BUNDLE_IDENTIFIER = "com.zizlak.GH-ReposTests";
				PRODUCT_NAME = "$(TARGET_NAME)";
				SWIFT_EMIT_LOC_STRINGS = NO;
				SWIFT_VERSION = 5.0;
				TARGETED_DEVICE_FAMILY = "1,2";
				TEST_HOST = "$(BUILT_PRODUCTS_DIR)/GH-Repos.app/GH-Repos";
			};
			name = Release;
		};
		A03E8AF5278EE452008E34C2 /* Debug */ = {
			isa = XCBuildConfiguration;
			buildSettings = {
				ALWAYS_EMBED_SWIFT_STANDARD_LIBRARIES = YES;
				CODE_SIGN_STYLE = Automatic;
				CURRENT_PROJECT_VERSION = 1;
				DEVELOPMENT_TEAM = 2SFU59SCCX;
				GENERATE_INFOPLIST_FILE = YES;
				MARKETING_VERSION = 1.0;
				PRODUCT_BUNDLE_IDENTIFIER = "com.zizlak.GH-ReposUITests";
				PRODUCT_NAME = "$(TARGET_NAME)";
				SWIFT_EMIT_LOC_STRINGS = NO;
				SWIFT_VERSION = 5.0;
				TARGETED_DEVICE_FAMILY = "1,2";
				TEST_TARGET_NAME = "GH-Repos";
			};
			name = Debug;
		};
		A03E8AF6278EE452008E34C2 /* Release */ = {
			isa = XCBuildConfiguration;
			buildSettings = {
				ALWAYS_EMBED_SWIFT_STANDARD_LIBRARIES = YES;
				CODE_SIGN_STYLE = Automatic;
				CURRENT_PROJECT_VERSION = 1;
				DEVELOPMENT_TEAM = 2SFU59SCCX;
				GENERATE_INFOPLIST_FILE = YES;
				MARKETING_VERSION = 1.0;
				PRODUCT_BUNDLE_IDENTIFIER = "com.zizlak.GH-ReposUITests";
				PRODUCT_NAME = "$(TARGET_NAME)";
				SWIFT_EMIT_LOC_STRINGS = NO;
				SWIFT_VERSION = 5.0;
				TARGETED_DEVICE_FAMILY = "1,2";
				TEST_TARGET_NAME = "GH-Repos";
			};
			name = Release;
		};
/* End XCBuildConfiguration section */

/* Begin XCConfigurationList section */
		A03E8ABF278EE450008E34C2 /* Build configuration list for PBXProject "GH-Repos" */ = {
			isa = XCConfigurationList;
			buildConfigurations = (
				A03E8AEC278EE452008E34C2 /* Debug */,
				A03E8AED278EE452008E34C2 /* Release */,
			);
			defaultConfigurationIsVisible = 0;
			defaultConfigurationName = Release;
		};
		A03E8AEE278EE452008E34C2 /* Build configuration list for PBXNativeTarget "GH-Repos" */ = {
			isa = XCConfigurationList;
			buildConfigurations = (
				A03E8AEF278EE452008E34C2 /* Debug */,
				A03E8AF0278EE452008E34C2 /* Release */,
			);
			defaultConfigurationIsVisible = 0;
			defaultConfigurationName = Release;
		};
		A03E8AF1278EE452008E34C2 /* Build configuration list for PBXNativeTarget "GH-ReposTests" */ = {
			isa = XCConfigurationList;
			buildConfigurations = (
				A03E8AF2278EE452008E34C2 /* Debug */,
				A03E8AF3278EE452008E34C2 /* Release */,
			);
			defaultConfigurationIsVisible = 0;
			defaultConfigurationName = Release;
		};
		A03E8AF4278EE452008E34C2 /* Build configuration list for PBXNativeTarget "GH-ReposUITests" */ = {
			isa = XCConfigurationList;
			buildConfigurations = (
				A03E8AF5278EE452008E34C2 /* Debug */,
				A03E8AF6278EE452008E34C2 /* Release */,
			);
			defaultConfigurationIsVisible = 0;
			defaultConfigurationName = Release;
		};
/* End XCConfigurationList section */
	};
	rootObject = A03E8ABC278EE450008E34C2 /* Project object */;
}
